
Microsoft Visual Studio Solution File, Format Version 12.00
# Visual Studio Version 17
VisualStudioVersion = 17.4.33213.308
MinimumVisualStudioVersion = 10.0.40219.1
Project("{9A19103F-16F7-4668-BE54-9A1E7A4F7556}") = "RogueBlaze", "RogueBlaze\RogueBlaze.csproj", "{579F7EEF-6C93-4187-A0BB-F28E7C68D289}"
EndProject
Global
	GlobalSection(SolutionConfigurationPlatforms) = preSolution
		Debug|Any CPU = Debug|Any CPU
		Release|Any CPU = Release|Any CPU
	EndGlobalSection
	GlobalSection(ProjectConfigurationPlatforms) = postSolution
		{579F7EEF-6C93-4187-A0BB-F28E7C68D289}.Debug|Any CPU.ActiveCfg = Debug|Any CPU
		{579F7EEF-6C93-4187-A0BB-F28E7C68D289}.Debug|Any CPU.Build.0 = Debug|Any CPU
		{579F7EEF-6C93-4187-A0BB-F28E7C68D289}.Release|Any CPU.ActiveCfg = Release|Any CPU
		{579F7EEF-6C93-4187-A0BB-F28E7C68D289}.Release|Any CPU.Build.0 = Release|Any CPU
	EndGlobalSection
	GlobalSection(SolutionProperties) = preSolution
		HideSolutionNode = FALSE
	EndGlobalSection
	GlobalSection(ExtensibilityGlobals) = postSolution
		SolutionGuid = {49D55FBA-F5A0-4AC3-B457-FD62755B4050}
	EndGlobalSection
EndGlobal
